// !$*UTF8*$!
{
	archiveVersion = 1;
	classes = {
	};
	objectVersion = 46;
	objects = {

/* Begin PBXBuildFile section */
		16605A151C70E56C00DD1606 /* kidDetails.swift in Sources */ = {isa = PBXBuildFile; fileRef = 16605A141C70E56C00DD1606 /* kidDetails.swift */; };
		16605A171C7102A600DD1606 /* route.swift in Sources */ = {isa = PBXBuildFile; fileRef = 16605A161C7102A600DD1606 /* route.swift */; };
		16949E7C1C6AB701001A7D0E /* childViewController.swift in Sources */ = {isa = PBXBuildFile; fileRef = 16949E7B1C6AB701001A7D0E /* childViewController.swift */; };
		16949E801C6BA17B001A7D0E /* routeViewController.swift in Sources */ = {isa = PBXBuildFile; fileRef = 16949E7F1C6BA17B001A7D0E /* routeViewController.swift */; };
		16949E821C6BA20D001A7D0E /* MapKit.framework in Frameworks */ = {isa = PBXBuildFile; fileRef = 16949E811C6BA20D001A7D0E /* MapKit.framework */; };
		16949E841C6BA504001A7D0E /* addKidViewController.swift in Sources */ = {isa = PBXBuildFile; fileRef = 16949E831C6BA504001A7D0E /* addKidViewController.swift */; };
		16949E861C6C2FA3001A7D0E /* kidListTableViewCell.swift in Sources */ = {isa = PBXBuildFile; fileRef = 16949E851C6C2FA3001A7D0E /* kidListTableViewCell.swift */; };
		16949E891C6C375E001A7D0E /* kidListTableViewController.swift in Sources */ = {isa = PBXBuildFile; fileRef = 16949E871C6C375E001A7D0E /* kidListTableViewController.swift */; };
		16949E8C1C6C381C001A7D0E /* kid.swift in Sources */ = {isa = PBXBuildFile; fileRef = 16949E8B1C6C381C001A7D0E /* kid.swift */; };
		16BBFDE81C6A40350056664D /* AppDelegate.swift in Sources */ = {isa = PBXBuildFile; fileRef = 16BBFDE71C6A40350056664D /* AppDelegate.swift */; };
		16BBFDEA1C6A40350056664D /* ViewController.swift in Sources */ = {isa = PBXBuildFile; fileRef = 16BBFDE91C6A40350056664D /* ViewController.swift */; };
		16BBFDED1C6A40350056664D /* Main.storyboard in Resources */ = {isa = PBXBuildFile; fileRef = 16BBFDEB1C6A40350056664D /* Main.storyboard */; };
		16BBFDEF1C6A40350056664D /* Assets.xcassets in Resources */ = {isa = PBXBuildFile; fileRef = 16BBFDEE1C6A40350056664D /* Assets.xcassets */; };
		16BBFDF21C6A40350056664D /* LaunchScreen.storyboard in Resources */ = {isa = PBXBuildFile; fileRef = 16BBFDF01C6A40350056664D /* LaunchScreen.storyboard */; };
/* End PBXBuildFile section */

/* Begin PBXFileReference section */
		16605A141C70E56C00DD1606 /* kidDetails.swift */ = {isa = PBXFileReference; fileEncoding = 4; lastKnownFileType = sourcecode.swift; path = kidDetails.swift; sourceTree = "<group>"; };
		16605A161C7102A600DD1606 /* route.swift */ = {isa = PBXFileReference; fileEncoding = 4; lastKnownFileType = sourcecode.swift; path = route.swift; sourceTree = "<group>"; };
		16949E7B1C6AB701001A7D0E /* childViewController.swift */ = {isa = PBXFileReference; fileEncoding = 4; lastKnownFileType = sourcecode.swift; path = childViewController.swift; sourceTree = "<group>"; };
		16949E7F1C6BA17B001A7D0E /* routeViewController.swift */ = {isa = PBXFileReference; fileEncoding = 4; lastKnownFileType = sourcecode.swift; path = routeViewController.swift; sourceTree = "<group>"; };
		16949E811C6BA20D001A7D0E /* MapKit.framework */ = {isa = PBXFileReference; lastKnownFileType = wrapper.framework; name = MapKit.framework; path = System/Library/Frameworks/MapKit.framework; sourceTree = SDKROOT; };
		16949E831C6BA504001A7D0E /* addKidViewController.swift */ = {isa = PBXFileReference; fileEncoding = 4; lastKnownFileType = sourcecode.swift; path = addKidViewController.swift; sourceTree = "<group>"; };
		16949E851C6C2FA3001A7D0E /* kidListTableViewCell.swift */ = {isa = PBXFileReference; fileEncoding = 4; lastKnownFileType = sourcecode.swift; path = kidListTableViewCell.swift; sourceTree = "<group>"; };
		16949E871C6C375E001A7D0E /* kidListTableViewController.swift */ = {isa = PBXFileReference; fileEncoding = 4; lastKnownFileType = sourcecode.swift; name = kidListTableViewController.swift; path = ../kidListTableViewController.swift; sourceTree = "<group>"; };
		16949E8B1C6C381C001A7D0E /* kid.swift */ = {isa = PBXFileReference; fileEncoding = 4; lastKnownFileType = sourcecode.swift; path = kid.swift; sourceTree = "<group>"; };
		16BBFDE41C6A40350056664D /* crossSafe.app */ = {isa = PBXFileReference; explicitFileType = wrapper.application; includeInIndex = 0; path = crossSafe.app; sourceTree = BUILT_PRODUCTS_DIR; };
		16BBFDE71C6A40350056664D /* AppDelegate.swift */ = {isa = PBXFileReference; lastKnownFileType = sourcecode.swift; path = AppDelegate.swift; sourceTree = "<group>"; };
		16BBFDE91C6A40350056664D /* ViewController.swift */ = {isa = PBXFileReference; lastKnownFileType = sourcecode.swift; path = ViewController.swift; sourceTree = "<group>"; };
		16BBFDEC1C6A40350056664D /* Base */ = {isa = PBXFileReference; lastKnownFileType = file.storyboard; name = Base; path = Base.lproj/Main.storyboard; sourceTree = "<group>"; };
		16BBFDEE1C6A40350056664D /* Assets.xcassets */ = {isa = PBXFileReference; lastKnownFileType = folder.assetcatalog; path = Assets.xcassets; sourceTree = "<group>"; };
		16BBFDF11C6A40350056664D /* Base */ = {isa = PBXFileReference; lastKnownFileType = file.storyboard; name = Base; path = Base.lproj/LaunchScreen.storyboard; sourceTree = "<group>"; };
		16BBFDF31C6A40350056664D /* Info.plist */ = {isa = PBXFileReference; lastKnownFileType = text.plist.xml; path = Info.plist; sourceTree = "<group>"; };
/* End PBXFileReference section */

/* Begin PBXFrameworksBuildPhase section */
		16BBFDE11C6A40350056664D /* Frameworks */ = {
			isa = PBXFrameworksBuildPhase;
			buildActionMask = 2147483647;
			files = (
				16949E821C6BA20D001A7D0E /* MapKit.framework in Frameworks */,
			);
			runOnlyForDeploymentPostprocessing = 0;
		};
/* End PBXFrameworksBuildPhase section */

/* Begin PBXGroup section */
		16BBFDDB1C6A40350056664D = {
			isa = PBXGroup;
			children = (
				16949E811C6BA20D001A7D0E /* MapKit.framework */,
				16BBFDE61C6A40350056664D /* crossSafe */,
				16BBFDE51C6A40350056664D /* Products */,
			);
			sourceTree = "<group>";
		};
		16BBFDE51C6A40350056664D /* Products */ = {
			isa = PBXGroup;
			children = (
				16BBFDE41C6A40350056664D /* crossSafe.app */,
			);
			name = Products;
			sourceTree = "<group>";
		};
		16BBFDE61C6A40350056664D /* crossSafe */ = {
			isa = PBXGroup;
			children = (
				16BBFDE71C6A40350056664D /* AppDelegate.swift */,
				16BBFDE91C6A40350056664D /* ViewController.swift */,
				16BBFDEB1C6A40350056664D /* Main.storyboard */,
				16605A141C70E56C00DD1606 /* kidDetails.swift */,
				16949E851C6C2FA3001A7D0E /* kidListTableViewCell.swift */,
				16949E831C6BA504001A7D0E /* addKidViewController.swift */,
				16949E871C6C375E001A7D0E /* kidListTableViewController.swift */,
				16949E8B1C6C381C001A7D0E /* kid.swift */,
				16605A161C7102A600DD1606 /* route.swift */,
				16949E7F1C6BA17B001A7D0E /* routeViewController.swift */,
				16949E7B1C6AB701001A7D0E /* childViewController.swift */,
				16BBFDEE1C6A40350056664D /* Assets.xcassets */,
				16BBFDF01C6A40350056664D /* LaunchScreen.storyboard */,
				16BBFDF31C6A40350056664D /* Info.plist */,
			);
			path = crossSafe;
			sourceTree = "<group>";
		};
/* End PBXGroup section */

/* Begin PBXNativeTarget section */
		16BBFDE31C6A40350056664D /* crossSafe */ = {
			isa = PBXNativeTarget;
			buildConfigurationList = 16BBFDF61C6A40350056664D /* Build configuration list for PBXNativeTarget "crossSafe" */;
			buildPhases = (
				16BBFDE01C6A40350056664D /* Sources */,
				16BBFDE11C6A40350056664D /* Frameworks */,
				16BBFDE21C6A40350056664D /* Resources */,
			);
			buildRules = (
			);
			dependencies = (
			);
			name = crossSafe;
			productName = crossSafe;
			productReference = 16BBFDE41C6A40350056664D /* crossSafe.app */;
			productType = "com.apple.product-type.application";
		};
/* End PBXNativeTarget section */

/* Begin PBXProject section */
		16BBFDDC1C6A40350056664D /* Project object */ = {
			isa = PBXProject;
			attributes = {
				LastSwiftUpdateCheck = 0720;
				LastUpgradeCheck = 0720;
				ORGANIZATIONNAME = Tufts;
				TargetAttributes = {
					16BBFDE31C6A40350056664D = {
						CreatedOnToolsVersion = 7.2.1;
						SystemCapabilities = {
							com.apple.Maps.iOS = {
								enabled = 1;
							};
						};
					};
				};
			};
			buildConfigurationList = 16BBFDDF1C6A40350056664D /* Build configuration list for PBXProject "crossSafe" */;
			compatibilityVersion = "Xcode 3.2";
			developmentRegion = English;
			hasScannedForEncodings = 0;
			knownRegions = (
				en,
				Base,
			);
			mainGroup = 16BBFDDB1C6A40350056664D;
			productRefGroup = 16BBFDE51C6A40350056664D /* Products */;
			projectDirPath = "";
			projectRoot = "";
			targets = (
				16BBFDE31C6A40350056664D /* crossSafe */,
			);
		};
/* End PBXProject section */

/* Begin PBXResourcesBuildPhase section */
		16BBFDE21C6A40350056664D /* Resources */ = {
			isa = PBXResourcesBuildPhase;
			buildActionMask = 2147483647;
			files = (
				16BBFDF21C6A40350056664D /* LaunchScreen.storyboard in Resources */,
				16BBFDEF1C6A40350056664D /* Assets.xcassets in Resources */,
				16BBFDED1C6A40350056664D /* Main.storyboard in Resources */,
			);
			runOnlyForDeploymentPostprocessing = 0;
		};
/* End PBXResourcesBuildPhase section */

/* Begin PBXSourcesBuildPhase section */
		16BBFDE01C6A40350056664D /* Sources */ = {
			isa = PBXSourcesBuildPhase;
			buildActionMask = 2147483647;
			files = (
				16BBFDEA1C6A40350056664D /* ViewController.swift in Sources */,
				16605A151C70E56C00DD1606 /* kidDetails.swift in Sources */,
				16949E861C6C2FA3001A7D0E /* kidListTableViewCell.swift in Sources */,
				16949E7C1C6AB701001A7D0E /* childViewController.swift in Sources */,
				16BBFDE81C6A40350056664D /* AppDelegate.swift in Sources */,
				16949E8C1C6C381C001A7D0E /* kid.swift in Sources */,
				16949E841C6BA504001A7D0E /* addKidViewController.swift in Sources */,
				16605A171C7102A600DD1606 /* route.swift in Sources */,
				16949E891C6C375E001A7D0E /* kidListTableViewController.swift in Sources */,
				16949E801C6BA17B001A7D0E /* routeViewController.swift in Sources */,
			);
			runOnlyForDeploymentPostprocessing = 0;
		};
/* End PBXSourcesBuildPhase section */

/* Begin PBXVariantGroup section */
		16BBFDEB1C6A40350056664D /* Main.storyboard */ = {
			isa = PBXVariantGroup;
			children = (
				16BBFDEC1C6A40350056664D /* Base */,
			);
			name = Main.storyboard;
			sourceTree = "<group>";
		};
		16BBFDF01C6A40350056664D /* LaunchScreen.storyboard */ = {
			isa = PBXVariantGroup;
			children = (
				16BBFDF11C6A40350056664D /* Base */,
			);
			name = LaunchScreen.storyboard;
			sourceTree = "<group>";
		};
/* End PBXVariantGroup section */

/* Begin XCBuildConfiguration section */
		16BBFDF41C6A40350056664D /* Debug */ = {
			isa = XCBuildConfiguration;
			buildSettings = {
				ALWAYS_SEARCH_USER_PATHS = NO;
				CLANG_CXX_LANGUAGE_STANDARD = "gnu++0x";
				CLANG_CXX_LIBRARY = "libc++";
				CLANG_ENABLE_MODULES = YES;
				CLANG_ENABLE_OBJC_ARC = YES;
				CLANG_WARN_BOOL_CONVERSION = YES;
				CLANG_WARN_CONSTANT_CONVERSION = YES;
				CLANG_WARN_DIRECT_OBJC_ISA_USAGE = YES_ERROR;
				CLANG_WARN_EMPTY_BODY = YES;
				CLANG_WARN_ENUM_CONVERSION = YES;
				CLANG_WARN_INT_CONVERSION = YES;
				CLANG_WARN_OBJC_ROOT_CLASS = YES_ERROR;
				CLANG_WARN_UNREACHABLE_CODE = YES;
				CLANG_WARN__DUPLICATE_METHOD_MATCH = YES;
				"CODE_SIGN_IDENTITY[sdk=iphoneos*]" = "iPhone Developer";
				COPY_PHASE_STRIP = NO;
				DEBUG_INFORMATION_FORMAT = dwarf;
				ENABLE_STRICT_OBJC_MSGSEND = YES;
				ENABLE_TESTABILITY = YES;
				GCC_C_LANGUAGE_STANDARD = gnu99;
				GCC_DYNAMIC_NO_PIC = NO;
				GCC_NO_COMMON_BLOCKS = YES;
				GCC_OPTIMIZATION_LEVEL = 0;
				GCC_PREPROCESSOR_DEFINITIONS = (
					"DEBUG=1",
					"$(inherited)",
				);
				GCC_WARN_64_TO_32_BIT_CONVERSION = YES;
				GCC_WARN_ABOUT_RETURN_TYPE = YES_ERROR;
				GCC_WARN_UNDECLARED_SELECTOR = YES;
				GCC_WARN_UNINITIALIZED_AUTOS = YES_AGGRESSIVE;
				GCC_WARN_UNUSED_FUNCTION = YES;
				GCC_WARN_UNUSED_VARIABLE = YES;
				IPHONEOS_DEPLOYMENT_TARGET = 9.2;
				MTL_ENABLE_DEBUG_INFO = YES;
				ONLY_ACTIVE_ARCH = YES;
				SDKROOT = iphoneos;
				SWIFT_OPTIMIZATION_LEVEL = "-Onone";
			};
			name = Debug;
		};
		16BBFDF51C6A40350056664D /* Release */ = {
			isa = XCBuildConfiguration;
			buildSettings = {
				ALWAYS_SEARCH_USER_PATHS = NO;
				CLANG_CXX_LANGUAGE_STANDARD = "gnu++0x";
				CLANG_CXX_LIBRARY = "libc++";
				CLANG_ENABLE_MODULES = YES;
				CLANG_ENABLE_OBJC_ARC = YES;
				CLANG_WARN_BOOL_CONVERSION = YES;
				CLANG_WARN_CONSTANT_CONVERSION = YES;
				CLANG_WARN_DIRECT_OBJC_ISA_USAGE = YES_ERROR;
				CLANG_WARN_EMPTY_BODY = YES;
				CLANG_WARN_ENUM_CONVERSION = YES;
				CLANG_WARN_INT_CONVERSION = YES;
				CLANG_WARN_OBJC_ROOT_CLASS = YES_ERROR;
				CLANG_WARN_UNREACHABLE_CODE = YES;
				CLANG_WARN__DUPLICATE_METHOD_MATCH = YES;
				"CODE_SIGN_IDENTITY[sdk=iphoneos*]" = "iPhone Developer";
				COPY_PHASE_STRIP = NO;
				DEBUG_INFORMATION_FORMAT = "dwarf-with-dsym";
				ENABLE_NS_ASSERTIONS = NO;
				ENABLE_STRICT_OBJC_MSGSEND = YES;
				GCC_C_LANGUAGE_STANDARD = gnu99;
				GCC_NO_COMMON_BLOCKS = YES;
				GCC_WARN_64_TO_32_BIT_CONVERSION = YES;
				GCC_WARN_ABOUT_RETURN_TYPE = YES_ERROR;
				GCC_WARN_UNDECLARED_SELECTOR = YES;
				GCC_WARN_UNINITIALIZED_AUTOS = YES_AGGRESSIVE;
				GCC_WARN_UNUSED_FUNCTION = YES;
				GCC_WARN_UNUSED_VARIABLE = YES;
				IPHONEOS_DEPLOYMENT_TARGET = 9.2;
				MTL_ENABLE_DEBUG_INFO = NO;
				SDKROOT = iphoneos;
				VALIDATE_PRODUCT = YES;
			};
			name = Release;
		};
		16BBFDF71C6A40350056664D /* Debug */ = {
			isa = XCBuildConfiguration;
			buildSettings = {
				ASSETCATALOG_COMPILER_APPICON_NAME = AppIcon;
				INFOPLIST_FILE = crossSafe/Info.plist;
				LD_RUNPATH_SEARCH_PATHS = "$(inherited) @executable_path/Frameworks";
				PRODUCT_BUNDLE_IDENTIFIER = edu.tufts.cs.crossSafe;
				PRODUCT_NAME = "$(TARGET_NAME)";
			};
			name = Debug;
		};
		16BBFDF81C6A40350056664D /* Release */ = {
			isa = XCBuildConfiguration;
			buildSettings = {
				ASSETCATALOG_COMPILER_APPICON_NAME = AppIcon;
				INFOPLIST_FILE = crossSafe/Info.plist;
				LD_RUNPATH_SEARCH_PATHS = "$(inherited) @executable_path/Frameworks";
				PRODUCT_BUNDLE_IDENTIFIER = edu.tufts.cs.crossSafe;
				PRODUCT_NAME = "$(TARGET_NAME)";
			};
			name = Release;
		};
/* End XCBuildConfiguration section */

/* Begin XCConfigurationList section */
		16BBFDDF1C6A40350056664D /* Build configuration list for PBXProject "crossSafe" */ = {
			isa = XCConfigurationList;
			buildConfigurations = (
				16BBFDF41C6A40350056664D /* Debug */,
				16BBFDF51C6A40350056664D /* Release */,
			);
			defaultConfigurationIsVisible = 0;
			defaultConfigurationName = Release;
		};
		16BBFDF61C6A40350056664D /* Build configuration list for PBXNativeTarget "crossSafe" */ = {
			isa = XCConfigurationList;
			buildConfigurations = (
				16BBFDF71C6A40350056664D /* Debug */,
				16BBFDF81C6A40350056664D /* Release */,
			);
			defaultConfigurationIsVisible = 0;
			defaultConfigurationName = Release;
		};
/* End XCConfigurationList section */
	};
	rootObject = 16BBFDDC1C6A40350056664D /* Project object */;
}
